{
  "version": 4,
  "terraform_version": "1.0.10",
  "serial": 15,
  "lineage": "631c592a-abdf-5bbe-43d8-20013abaafd2",
  "outputs": {
    "vpc_cid": {
      "value": "vpc-51a8c289",
      "type": "string"
    }
  },
  "resources": [
    {
      "mode": "managed",
      "type": "aws_vpc",
      "name": "my_first_vpc",
      "provider": "provider[\"registry.terraform.io/hashicorp/aws\"]",
      "instances": [
        {
          "schema_version": 1,
          "attributes": {
            "arn": "arn:aws:ec2:us-east-1:000000000000:vpc/vpc-51a8c289",
            "assign_generated_ipv6_cidr_block": false,
            "cidr_block": "10.0.0.0/16",
            "default_network_acl_id": "acl-147eb2d1",
            "default_route_table_id": "rtb-55ca2716",
            "default_security_group_id": "sg-c875c3a2c0c7013cd",
            "dhcp_options_id": "dopt-7a8b9c2d",
            "enable_classiclink": false,
            "enable_classiclink_dns_support": false,
            "enable_dns_hostnames": false,
            "enable_dns_support": true,
            "id": "vpc-51a8c289",
            "instance_tenancy": "default",
            "ipv6_association_id": "",
            "ipv6_cidr_block": "",
            "main_route_table_id": "rtb-55ca2716",
            "owner_id": "000000000000",
            "tags": {
              "Name": "JavaHomeVPC",
              "environment": "dev",
              "location": "Brazil"
            },
            "tags_all": {
              "Name": "JavaHomeVPC",
              "environment": "dev",
              "location": "Brazil"
            }
          },
          "sensitive_attributes": [],
          "private": "eyJzY2hlbWFfdmVyc2lvbiI6IjEifQ=="
        }
      ]
    }
  ]
}
